
Microsoft Visual Studio Solution File, Format Version 12.00
# Visual Studio Version 17
VisualStudioVersion = 17.6.33723.286
MinimumVisualStudioVersion = 10.0.40219.1
Project("{FAE04EC0-301F-11D3-BF4B-00C04F79EFBC}") = "TestProject1", "TestProject1\TestProject1.csproj", "{7867314E-85B2-438F-B4D9-B8CE97417158}"
EndProject
Project("{FAE04EC0-301F-11D3-BF4B-00C04F79EFBC}") = "ClassLibrary1", "ClassLibrary1\ClassLibrary1.csproj", "{D74BC531-EF3E-4925-BA6C-13BAA68DE118}"
EndProject
Global
	GlobalSection(SolutionConfigurationPlatforms) = preSolution
		Debug|Any CPU = Debug|Any CPU
		Release|Any CPU = Release|Any CPU
	EndGlobalSection
	GlobalSection(ProjectConfigurationPlatforms) = postSolution
		{7867314E-85B2-438F-B4D9-B8CE97417158}.Debug|Any CPU.ActiveCfg = Debug|Any CPU
		{7867314E-85B2-438F-B4D9-B8CE97417158}.Debug|Any CPU.Build.0 = Debug|Any CPU
		{7867314E-85B2-438F-B4D9-B8CE97417158}.Release|Any CPU.ActiveCfg = Release|Any CPU
		{7867314E-85B2-438F-B4D9-B8CE97417158}.Release|Any CPU.Build.0 = Release|Any CPU
		{D74BC531-EF3E-4925-BA6C-13BAA68DE118}.Debug|Any CPU.ActiveCfg = Debug|Any CPU
		{D74BC531-EF3E-4925-BA6C-13BAA68DE118}.Debug|Any CPU.Build.0 = Debug|Any CPU
		{D74BC531-EF3E-4925-BA6C-13BAA68DE118}.Release|Any CPU.ActiveCfg = Release|Any CPU
		{D74BC531-EF3E-4925-BA6C-13BAA68DE118}.Release|Any CPU.Build.0 = Release|Any CPU
	EndGlobalSection
	GlobalSection(SolutionProperties) = preSolution
		HideSolutionNode = FALSE
	EndGlobalSection
	GlobalSection(ExtensibilityGlobals) = postSolution
		SolutionGuid = {A3D943A2-BCD8-4AE1-A3ED-FF7C17288D80}
	EndGlobalSection
EndGlobal
